
Microsoft Visual Studio Solution File, Format Version 12.00
# Visual Studio 15
VisualStudioVersion = 15.0.26430.15
MinimumVisualStudioVersion = 10.0.40219.1
Project("{2150E333-8FDC-42A3-9474-1A3956D46DE8}") = "BLL", "BLL", "{5161C2D4-E236-4EE5-9F86-A33C405D4798}"
EndProject
Project("{2150E333-8FDC-42A3-9474-1A3956D46DE8}") = "DAL", "DAL", "{8B7AC9DA-21C7-4733-B54F-154A6C9B7137}"
EndProject
Project("{2150E333-8FDC-42A3-9474-1A3956D46DE8}") = "Model", "Model", "{2BB48720-D333-46AD-8935-ECE4370C2815}"
EndProject
Project("{2150E333-8FDC-42A3-9474-1A3956D46DE8}") = "UI", "UI", "{8AFEE8BC-02E7-47E7-9D63-4B5271B804CD}"
EndProject
Project("{FAE04EC0-301F-11D3-BF4B-00C04F79EFBC}") = "EasySystem.BLL", "EasySystem.BLL\EasySystem.BLL.csproj", "{C2DD29B4-A6B1-4DFF-8D26-AF7A8C68D573}"
EndProject
Project("{FAE04EC0-301F-11D3-BF4B-00C04F79EFBC}") = "EasySystem.IBLL", "EasySystem.IBLL\EasySystem.IBLL.csproj", "{CAB739D4-1FF1-4497-941D-7B9F8391064E}"
EndProject
Project("{FAE04EC0-301F-11D3-BF4B-00C04F79EFBC}") = "EasySystem.BLLContainer", "EasySystem.BLLContainer\EasySystem.BLLContainer.csproj", "{2FA7B2DE-1774-4046-9671-B09809D3E18F}"
EndProject
Project("{FAE04EC0-301F-11D3-BF4B-00C04F79EFBC}") = "EasySystem.DAL", "EasySystem.DAL\EasySystem.DAL.csproj", "{83C274F5-86E8-4F43-B2E2-19585083C851}"
EndProject
Project("{FAE04EC0-301F-11D3-BF4B-00C04F79EFBC}") = "EasySystem.DALContainer", "EasySystem.DALContainer\EasySystem.DALContainer.csproj", "{E2EB4F48-C1C5-461A-A874-5740236A5721}"
EndProject
Project("{FAE04EC0-301F-11D3-BF4B-00C04F79EFBC}") = "EasySystem.IDAL", "EasySystem.IDAL\EasySystem.IDAL.csproj", "{B2B6A06F-4F84-4440-A2CD-2A223EBB37BF}"
EndProject
Project("{FAE04EC0-301F-11D3-BF4B-00C04F79EFBC}") = "EasySystem.Model", "EasySystem.Model\EasySystem.Model.csproj", "{B28C1A5B-EFDE-4BCF-B484-82AD312DD908}"
EndProject
Project("{FAE04EC0-301F-11D3-BF4B-00C04F79EFBC}") = "EasySystem.UI", "EasySystem.UI\EasySystem.UI.csproj", "{AA9BB566-AEB8-417F-88A6-941C3609DC0D}"
EndProject
Global
	GlobalSection(SolutionConfigurationPlatforms) = preSolution
		Debug|Any CPU = Debug|Any CPU
		Release|Any CPU = Release|Any CPU
	EndGlobalSection
	GlobalSection(ProjectConfigurationPlatforms) = postSolution
		{C2DD29B4-A6B1-4DFF-8D26-AF7A8C68D573}.Debug|Any CPU.ActiveCfg = Debug|Any CPU
		{C2DD29B4-A6B1-4DFF-8D26-AF7A8C68D573}.Debug|Any CPU.Build.0 = Debug|Any CPU
		{C2DD29B4-A6B1-4DFF-8D26-AF7A8C68D573}.Release|Any CPU.ActiveCfg = Release|Any CPU
		{C2DD29B4-A6B1-4DFF-8D26-AF7A8C68D573}.Release|Any CPU.Build.0 = Release|Any CPU
		{CAB739D4-1FF1-4497-941D-7B9F8391064E}.Debug|Any CPU.ActiveCfg = Debug|Any CPU
		{CAB739D4-1FF1-4497-941D-7B9F8391064E}.Debug|Any CPU.Build.0 = Debug|Any CPU
		{CAB739D4-1FF1-4497-941D-7B9F8391064E}.Release|Any CPU.ActiveCfg = Release|Any CPU
		{CAB739D4-1FF1-4497-941D-7B9F8391064E}.Release|Any CPU.Build.0 = Release|Any CPU
		{2FA7B2DE-1774-4046-9671-B09809D3E18F}.Debug|Any CPU.ActiveCfg = Debug|Any CPU
		{2FA7B2DE-1774-4046-9671-B09809D3E18F}.Debug|Any CPU.Build.0 = Debug|Any CPU
		{2FA7B2DE-1774-4046-9671-B09809D3E18F}.Release|Any CPU.ActiveCfg = Release|Any CPU
		{2FA7B2DE-1774-4046-9671-B09809D3E18F}.Release|Any CPU.Build.0 = Release|Any CPU
		{83C274F5-86E8-4F43-B2E2-19585083C851}.Debug|Any CPU.ActiveCfg = Debug|Any CPU
		{83C274F5-86E8-4F43-B2E2-19585083C851}.Debug|Any CPU.Build.0 = Debug|Any CPU
		{83C274F5-86E8-4F43-B2E2-19585083C851}.Release|Any CPU.ActiveCfg = Release|Any CPU
		{83C274F5-86E8-4F43-B2E2-19585083C851}.Release|Any CPU.Build.0 = Release|Any CPU
		{E2EB4F48-C1C5-461A-A874-5740236A5721}.Debug|Any CPU.ActiveCfg = Debug|Any CPU
		{E2EB4F48-C1C5-461A-A874-5740236A5721}.Debug|Any CPU.Build.0 = Debug|Any CPU
		{E2EB4F48-C1C5-461A-A874-5740236A5721}.Release|Any CPU.ActiveCfg = Release|Any CPU
		{E2EB4F48-C1C5-461A-A874-5740236A5721}.Release|Any CPU.Build.0 = Release|Any CPU
		{B2B6A06F-4F84-4440-A2CD-2A223EBB37BF}.Debug|Any CPU.ActiveCfg = Debug|Any CPU
		{B2B6A06F-4F84-4440-A2CD-2A223EBB37BF}.Debug|Any CPU.Build.0 = Debug|Any CPU
		{B2B6A06F-4F84-4440-A2CD-2A223EBB37BF}.Release|Any CPU.ActiveCfg = Release|Any CPU
		{B2B6A06F-4F84-4440-A2CD-2A223EBB37BF}.Release|Any CPU.Build.0 = Release|Any CPU
		{B28C1A5B-EFDE-4BCF-B484-82AD312DD908}.Debug|Any CPU.ActiveCfg = Debug|Any CPU
		{B28C1A5B-EFDE-4BCF-B484-82AD312DD908}.Debug|Any CPU.Build.0 = Debug|Any CPU
		{B28C1A5B-EFDE-4BCF-B484-82AD312DD908}.Release|Any CPU.ActiveCfg = Release|Any CPU
		{B28C1A5B-EFDE-4BCF-B484-82AD312DD908}.Release|Any CPU.Build.0 = Release|Any CPU
		{AA9BB566-AEB8-417F-88A6-941C3609DC0D}.Debug|Any CPU.ActiveCfg = Debug|Any CPU
		{AA9BB566-AEB8-417F-88A6-941C3609DC0D}.Debug|Any CPU.Build.0 = Debug|Any CPU
		{AA9BB566-AEB8-417F-88A6-941C3609DC0D}.Release|Any CPU.ActiveCfg = Release|Any CPU
		{AA9BB566-AEB8-417F-88A6-941C3609DC0D}.Release|Any CPU.Build.0 = Release|Any CPU
	EndGlobalSection
	GlobalSection(SolutionProperties) = preSolution
		HideSolutionNode = FALSE
	EndGlobalSection
	GlobalSection(NestedProjects) = preSolution
		{C2DD29B4-A6B1-4DFF-8D26-AF7A8C68D573} = {5161C2D4-E236-4EE5-9F86-A33C405D4798}
		{CAB739D4-1FF1-4497-941D-7B9F8391064E} = {5161C2D4-E236-4EE5-9F86-A33C405D4798}
		{2FA7B2DE-1774-4046-9671-B09809D3E18F} = {5161C2D4-E236-4EE5-9F86-A33C405D4798}
		{83C274F5-86E8-4F43-B2E2-19585083C851} = {8B7AC9DA-21C7-4733-B54F-154A6C9B7137}
		{E2EB4F48-C1C5-461A-A874-5740236A5721} = {8B7AC9DA-21C7-4733-B54F-154A6C9B7137}
		{B2B6A06F-4F84-4440-A2CD-2A223EBB37BF} = {8B7AC9DA-21C7-4733-B54F-154A6C9B7137}
		{B28C1A5B-EFDE-4BCF-B484-82AD312DD908} = {2BB48720-D333-46AD-8935-ECE4370C2815}
		{AA9BB566-AEB8-417F-88A6-941C3609DC0D} = {8AFEE8BC-02E7-47E7-9D63-4B5271B804CD}
	EndGlobalSection
EndGlobal
